
Microsoft Visual Studio Solution File, Format Version 12.00
# Visual Studio Version 17
VisualStudioVersion = 17.8.34309.116
MinimumVisualStudioVersion = 10.0.40219.1
Project("{54A90642-561A-4BB1-A94E-469ADEE60C69}") = "takerman.tanyo.client", "takerman.tanyo.client\takerman.tanyo.client.esproj", "{A38639E3-90DF-4BAF-A07E-3CDA3C3B3329}"
EndProject
Project("{FAE04EC0-301F-11D3-BF4B-00C04F79EFBC}") = "Takerman.Tanyo.Data", "Takerman.Tanyo.Data\Takerman.Tanyo.Data.csproj", "{C1A097A4-872C-4799-9C27-3D750A580523}"
EndProject
Project("{FAE04EC0-301F-11D3-BF4B-00C04F79EFBC}") = "Takerman.Tanyo.Models", "Takerman.Tanyo.Models\Takerman.Tanyo.Models.csproj", "{A725AF93-89FE-4455-84DB-698423E4D21C}"
EndProject
Project("{FAE04EC0-301F-11D3-BF4B-00C04F79EFBC}") = "Takerman.Tanyo.Server", "Takerman.Tanyo.Server\Takerman.Tanyo.Server.csproj", "{831D88EF-DBAF-4081-B3FC-39B2DA7C80B7}"
EndProject
Project("{FAE04EC0-301F-11D3-BF4B-00C04F79EFBC}") = "Takerman.Tanyo.Services", "Takerman.Tanyo.Services\Takerman.Tanyo.Services.csproj", "{87CE5062-B91A-4703-A6D0-FE2E8429A4E6}"
EndProject
Project("{FAE04EC0-301F-11D3-BF4B-00C04F79EFBC}") = "Takerman.Tanyo.Tests", "Takerman.Tanyo.Tests\Takerman.Tanyo.Tests.csproj", "{7543E7FD-CE27-404D-8AF7-23040893FD56}"
EndProject
Global
	GlobalSection(SolutionConfigurationPlatforms) = preSolution
		Debug|Any CPU = Debug|Any CPU
		Release|Any CPU = Release|Any CPU
	EndGlobalSection
	GlobalSection(ProjectConfigurationPlatforms) = postSolution
		{A38639E3-90DF-4BAF-A07E-3CDA3C3B3329}.Debug|Any CPU.ActiveCfg = Debug|Any CPU
		{A38639E3-90DF-4BAF-A07E-3CDA3C3B3329}.Debug|Any CPU.Build.0 = Debug|Any CPU
		{A38639E3-90DF-4BAF-A07E-3CDA3C3B3329}.Debug|Any CPU.Deploy.0 = Debug|Any CPU
		{A38639E3-90DF-4BAF-A07E-3CDA3C3B3329}.Release|Any CPU.ActiveCfg = Release|Any CPU
		{A38639E3-90DF-4BAF-A07E-3CDA3C3B3329}.Release|Any CPU.Build.0 = Release|Any CPU
		{A38639E3-90DF-4BAF-A07E-3CDA3C3B3329}.Release|Any CPU.Deploy.0 = Release|Any CPU
		{C1A097A4-872C-4799-9C27-3D750A580523}.Debug|Any CPU.ActiveCfg = Debug|Any CPU
		{C1A097A4-872C-4799-9C27-3D750A580523}.Debug|Any CPU.Build.0 = Debug|Any CPU
		{C1A097A4-872C-4799-9C27-3D750A580523}.Release|Any CPU.ActiveCfg = Release|Any CPU
		{C1A097A4-872C-4799-9C27-3D750A580523}.Release|Any CPU.Build.0 = Release|Any CPU
		{A725AF93-89FE-4455-84DB-698423E4D21C}.Debug|Any CPU.ActiveCfg = Debug|Any CPU
		{A725AF93-89FE-4455-84DB-698423E4D21C}.Debug|Any CPU.Build.0 = Debug|Any CPU
		{A725AF93-89FE-4455-84DB-698423E4D21C}.Release|Any CPU.ActiveCfg = Release|Any CPU
		{A725AF93-89FE-4455-84DB-698423E4D21C}.Release|Any CPU.Build.0 = Release|Any CPU
		{831D88EF-DBAF-4081-B3FC-39B2DA7C80B7}.Debug|Any CPU.ActiveCfg = Debug|Any CPU
		{831D88EF-DBAF-4081-B3FC-39B2DA7C80B7}.Debug|Any CPU.Build.0 = Debug|Any CPU
		{831D88EF-DBAF-4081-B3FC-39B2DA7C80B7}.Release|Any CPU.ActiveCfg = Release|Any CPU
		{831D88EF-DBAF-4081-B3FC-39B2DA7C80B7}.Release|Any CPU.Build.0 = Release|Any CPU
		{87CE5062-B91A-4703-A6D0-FE2E8429A4E6}.Debug|Any CPU.ActiveCfg = Debug|Any CPU
		{87CE5062-B91A-4703-A6D0-FE2E8429A4E6}.Debug|Any CPU.Build.0 = Debug|Any CPU
		{87CE5062-B91A-4703-A6D0-FE2E8429A4E6}.Release|Any CPU.ActiveCfg = Release|Any CPU
		{87CE5062-B91A-4703-A6D0-FE2E8429A4E6}.Release|Any CPU.Build.0 = Release|Any CPU
		{7543E7FD-CE27-404D-8AF7-23040893FD56}.Debug|Any CPU.ActiveCfg = Debug|Any CPU
		{7543E7FD-CE27-404D-8AF7-23040893FD56}.Debug|Any CPU.Build.0 = Debug|Any CPU
		{7543E7FD-CE27-404D-8AF7-23040893FD56}.Release|Any CPU.ActiveCfg = Release|Any CPU
		{7543E7FD-CE27-404D-8AF7-23040893FD56}.Release|Any CPU.Build.0 = Release|Any CPU
	EndGlobalSection
	GlobalSection(SolutionProperties) = preSolution
		HideSolutionNode = FALSE
	EndGlobalSection
	GlobalSection(ExtensibilityGlobals) = postSolution
		SolutionGuid = {E9DA4440-A41C-43D3-83C3-421974F94911}
	EndGlobalSection
EndGlobal
