
Microsoft Visual Studio Solution File, Format Version 12.00
# Visual Studio Version 16
VisualStudioVersion = 16.0.29911.84
MinimumVisualStudioVersion = 10.0.40219.1
Project("{9A19103F-16F7-4668-BE54-9A1E7A4F7556}") = "Tanyo.Portfolio.Web", "Tanyo.Portfolio.Web\Tanyo.Portfolio.Web.csproj", "{4E8AB887-7AE4-4D5F-ABDB-5A360A025ABE}"
EndProject
Global
	GlobalSection(SolutionConfigurationPlatforms) = preSolution
		Debug|Any CPU = Debug|Any CPU
		Release|Any CPU = Release|Any CPU
	EndGlobalSection
	GlobalSection(ProjectConfigurationPlatforms) = postSolution
		{4E8AB887-7AE4-4D5F-ABDB-5A360A025ABE}.Debug|Any CPU.ActiveCfg = Debug|Any CPU
		{4E8AB887-7AE4-4D5F-ABDB-5A360A025ABE}.Debug|Any CPU.Build.0 = Debug|Any CPU
		{4E8AB887-7AE4-4D5F-ABDB-5A360A025ABE}.Release|Any CPU.ActiveCfg = Release|Any CPU
		{4E8AB887-7AE4-4D5F-ABDB-5A360A025ABE}.Release|Any CPU.Build.0 = Release|Any CPU
	EndGlobalSection
	GlobalSection(SolutionProperties) = preSolution
		HideSolutionNode = FALSE
	EndGlobalSection
	GlobalSection(ExtensibilityGlobals) = postSolution
		SolutionGuid = {44507C7C-4EAE-43DF-8553-71E3DFC19A70}
	EndGlobalSection
EndGlobal
